// !$*UTF8*$!
{
	archiveVersion = 1;
	classes = {
	};
	objectVersion = 51;
	objects = {

/* Begin PBXBuildFile section */
		1C046E6A26D1B2B400EBE6FF /* config.swift in Sources */ = {isa = PBXBuildFile; fileRef = 1C046E6926D1B2B400EBE6FF /* config.swift */; };
		1C046E6C26D2756E00EBE6FF /* AuthResponse.swift in Sources */ = {isa = PBXBuildFile; fileRef = 1C046E6B26D2756E00EBE6FF /* AuthResponse.swift */; };
		1C36110E26D487E60091A62F /* SettingsModels.swift in Sources */ = {isa = PBXBuildFile; fileRef = 1C36110D26D487E60091A62F /* SettingsModels.swift */; };
		1C73B58A26D6A05D00E90C95 /* APIImage.swift in Sources */ = {isa = PBXBuildFile; fileRef = 1C73B58926D6A05D00E90C95 /* APIImage.swift */; };
		1C73B58C26D6A0E600E90C95 /* NewReleasesResponse.swift in Sources */ = {isa = PBXBuildFile; fileRef = 1C73B58B26D6A0E600E90C95 /* NewReleasesResponse.swift */; };
		1CDB859826CD98E600D399AC /* AppDelegate.swift in Sources */ = {isa = PBXBuildFile; fileRef = 1CDB859726CD98E600D399AC /* AppDelegate.swift */; };
		1CDB859A26CD98E600D399AC /* SceneDelegate.swift in Sources */ = {isa = PBXBuildFile; fileRef = 1CDB859926CD98E600D399AC /* SceneDelegate.swift */; };
		1CDB859C26CD98E600D399AC /* HomeViewController.swift in Sources */ = {isa = PBXBuildFile; fileRef = 1CDB859B26CD98E600D399AC /* HomeViewController.swift */; };
		1CDB85A126CD98E800D399AC /* Assets.xcassets in Resources */ = {isa = PBXBuildFile; fileRef = 1CDB85A026CD98E800D399AC /* Assets.xcassets */; };
		1CDB85B226CD9A8100D399AC /* LaunchScreen.storyboard in Resources */ = {isa = PBXBuildFile; fileRef = 1CDB85B126CD9A8100D399AC /* LaunchScreen.storyboard */; };
		1CDB85B426CD9D7C00D399AC /* TabBarViewController.swift in Sources */ = {isa = PBXBuildFile; fileRef = 1CDB85B326CD9D7C00D399AC /* TabBarViewController.swift */; };
		1CDB85B626CD9DF900D399AC /* SearchViewController.swift in Sources */ = {isa = PBXBuildFile; fileRef = 1CDB85B526CD9DF900D399AC /* SearchViewController.swift */; };
		1CDB85B826CD9E2700D399AC /* LibraryViewController.swift in Sources */ = {isa = PBXBuildFile; fileRef = 1CDB85B726CD9E2700D399AC /* LibraryViewController.swift */; };
		1CDB85BC26CD9E7000D399AC /* AuthViewController.swift in Sources */ = {isa = PBXBuildFile; fileRef = 1CDB85BB26CD9E7000D399AC /* AuthViewController.swift */; };
		1CDB85BE26CD9E8700D399AC /* WelcomeViewController.swift in Sources */ = {isa = PBXBuildFile; fileRef = 1CDB85BD26CD9E8700D399AC /* WelcomeViewController.swift */; };
		1CDB85C026CD9EA600D399AC /* SettingsViewController.swift in Sources */ = {isa = PBXBuildFile; fileRef = 1CDB85BF26CD9EA600D399AC /* SettingsViewController.swift */; };
		1CDB85C226CD9EBF00D399AC /* ProfileViewController.swift in Sources */ = {isa = PBXBuildFile; fileRef = 1CDB85C126CD9EBF00D399AC /* ProfileViewController.swift */; };
		1CDB85C426CD9EE100D399AC /* PlayerViewController.swift in Sources */ = {isa = PBXBuildFile; fileRef = 1CDB85C326CD9EE100D399AC /* PlayerViewController.swift */; };
		1CDB85C626CD9EFD00D399AC /* PlaylistViewController.swift in Sources */ = {isa = PBXBuildFile; fileRef = 1CDB85C526CD9EFD00D399AC /* PlaylistViewController.swift */; };
		1CDB85C826CD9F2100D399AC /* SearchResultsViewController.swift in Sources */ = {isa = PBXBuildFile; fileRef = 1CDB85C726CD9F2100D399AC /* SearchResultsViewController.swift */; };
		1CDB85CA26CD9F5F00D399AC /* AuthManager.swift in Sources */ = {isa = PBXBuildFile; fileRef = 1CDB85C926CD9F5F00D399AC /* AuthManager.swift */; };
		1CDB85CC26CD9F7E00D399AC /* APICaller.swift in Sources */ = {isa = PBXBuildFile; fileRef = 1CDB85CB26CD9F7E00D399AC /* APICaller.swift */; };
		1CDB85CE26CD9F9D00D399AC /* HapticsManager.swift in Sources */ = {isa = PBXBuildFile; fileRef = 1CDB85CD26CD9F9D00D399AC /* HapticsManager.swift */; };
		1CDB85D026CD9FC100D399AC /* Playlist.swift in Sources */ = {isa = PBXBuildFile; fileRef = 1CDB85CF26CD9FC100D399AC /* Playlist.swift */; };
		1CDB85D226CD9FDE00D399AC /* AudioTrack.swift in Sources */ = {isa = PBXBuildFile; fileRef = 1CDB85D126CD9FDE00D399AC /* AudioTrack.swift */; };
		1CDB85D426CD9FEF00D399AC /* Artist.swift in Sources */ = {isa = PBXBuildFile; fileRef = 1CDB85D326CD9FEF00D399AC /* Artist.swift */; };
		1CDB85D626CDA01100D399AC /* UserProfile.swift in Sources */ = {isa = PBXBuildFile; fileRef = 1CDB85D526CDA01100D399AC /* UserProfile.swift */; };
		1CE7FE9C26D1A119004CE6AF /* Extensions.swift in Sources */ = {isa = PBXBuildFile; fileRef = 1CE7FE9B26D1A119004CE6AF /* Extensions.swift */; };
		D272C86BB05BDD8B4589B09E /* Pods_spotify_clone.framework in Frameworks */ = {isa = PBXBuildFile; fileRef = DD8E9512C1AF1DA2DF718A02 /* Pods_spotify_clone.framework */; };
/* End PBXBuildFile section */

/* Begin PBXFileReference section */
		1C046E6926D1B2B400EBE6FF /* config.swift */ = {isa = PBXFileReference; lastKnownFileType = sourcecode.swift; path = config.swift; sourceTree = "<group>"; };
		1C046E6B26D2756E00EBE6FF /* AuthResponse.swift */ = {isa = PBXFileReference; lastKnownFileType = sourcecode.swift; path = AuthResponse.swift; sourceTree = "<group>"; };
		1C36110D26D487E60091A62F /* SettingsModels.swift */ = {isa = PBXFileReference; lastKnownFileType = sourcecode.swift; path = SettingsModels.swift; sourceTree = "<group>"; };
		1C73B58926D6A05D00E90C95 /* APIImage.swift */ = {isa = PBXFileReference; lastKnownFileType = sourcecode.swift; path = APIImage.swift; sourceTree = "<group>"; };
		1C73B58B26D6A0E600E90C95 /* NewReleasesResponse.swift */ = {isa = PBXFileReference; lastKnownFileType = sourcecode.swift; path = NewReleasesResponse.swift; sourceTree = "<group>"; };
		1CDB859426CD98E600D399AC /* spotify clone.app */ = {isa = PBXFileReference; explicitFileType = wrapper.application; includeInIndex = 0; path = "spotify clone.app"; sourceTree = BUILT_PRODUCTS_DIR; };
		1CDB859726CD98E600D399AC /* AppDelegate.swift */ = {isa = PBXFileReference; lastKnownFileType = sourcecode.swift; path = AppDelegate.swift; sourceTree = "<group>"; };
		1CDB859926CD98E600D399AC /* SceneDelegate.swift */ = {isa = PBXFileReference; lastKnownFileType = sourcecode.swift; path = SceneDelegate.swift; sourceTree = "<group>"; };
		1CDB859B26CD98E600D399AC /* HomeViewController.swift */ = {isa = PBXFileReference; lastKnownFileType = sourcecode.swift; path = HomeViewController.swift; sourceTree = "<group>"; };
		1CDB85A026CD98E800D399AC /* Assets.xcassets */ = {isa = PBXFileReference; lastKnownFileType = folder.assetcatalog; path = Assets.xcassets; sourceTree = "<group>"; };
		1CDB85A526CD98E800D399AC /* Info.plist */ = {isa = PBXFileReference; lastKnownFileType = text.plist.xml; path = Info.plist; sourceTree = "<group>"; };
		1CDB85B126CD9A8100D399AC /* LaunchScreen.storyboard */ = {isa = PBXFileReference; fileEncoding = 4; lastKnownFileType = file.storyboard; path = LaunchScreen.storyboard; sourceTree = "<group>"; };
		1CDB85B326CD9D7C00D399AC /* TabBarViewController.swift */ = {isa = PBXFileReference; lastKnownFileType = sourcecode.swift; path = TabBarViewController.swift; sourceTree = "<group>"; };
		1CDB85B526CD9DF900D399AC /* SearchViewController.swift */ = {isa = PBXFileReference; lastKnownFileType = sourcecode.swift; path = SearchViewController.swift; sourceTree = "<group>"; };
		1CDB85B726CD9E2700D399AC /* LibraryViewController.swift */ = {isa = PBXFileReference; lastKnownFileType = sourcecode.swift; path = LibraryViewController.swift; sourceTree = "<group>"; };
		1CDB85BB26CD9E7000D399AC /* AuthViewController.swift */ = {isa = PBXFileReference; lastKnownFileType = sourcecode.swift; path = AuthViewController.swift; sourceTree = "<group>"; };
		1CDB85BD26CD9E8700D399AC /* WelcomeViewController.swift */ = {isa = PBXFileReference; lastKnownFileType = sourcecode.swift; path = WelcomeViewController.swift; sourceTree = "<group>"; };
		1CDB85BF26CD9EA600D399AC /* SettingsViewController.swift */ = {isa = PBXFileReference; lastKnownFileType = sourcecode.swift; path = SettingsViewController.swift; sourceTree = "<group>"; };
		1CDB85C126CD9EBF00D399AC /* ProfileViewController.swift */ = {isa = PBXFileReference; lastKnownFileType = sourcecode.swift; path = ProfileViewController.swift; sourceTree = "<group>"; };
		1CDB85C326CD9EE100D399AC /* PlayerViewController.swift */ = {isa = PBXFileReference; lastKnownFileType = sourcecode.swift; path = PlayerViewController.swift; sourceTree = "<group>"; };
		1CDB85C526CD9EFD00D399AC /* PlaylistViewController.swift */ = {isa = PBXFileReference; lastKnownFileType = sourcecode.swift; path = PlaylistViewController.swift; sourceTree = "<group>"; };
		1CDB85C726CD9F2100D399AC /* SearchResultsViewController.swift */ = {isa = PBXFileReference; lastKnownFileType = sourcecode.swift; path = SearchResultsViewController.swift; sourceTree = "<group>"; };
		1CDB85C926CD9F5F00D399AC /* AuthManager.swift */ = {isa = PBXFileReference; lastKnownFileType = sourcecode.swift; path = AuthManager.swift; sourceTree = "<group>"; };
		1CDB85CB26CD9F7E00D399AC /* APICaller.swift */ = {isa = PBXFileReference; lastKnownFileType = sourcecode.swift; path = APICaller.swift; sourceTree = "<group>"; };
		1CDB85CD26CD9F9D00D399AC /* HapticsManager.swift */ = {isa = PBXFileReference; lastKnownFileType = sourcecode.swift; path = HapticsManager.swift; sourceTree = "<group>"; };
		1CDB85CF26CD9FC100D399AC /* Playlist.swift */ = {isa = PBXFileReference; lastKnownFileType = sourcecode.swift; path = Playlist.swift; sourceTree = "<group>"; };
		1CDB85D126CD9FDE00D399AC /* AudioTrack.swift */ = {isa = PBXFileReference; lastKnownFileType = sourcecode.swift; path = AudioTrack.swift; sourceTree = "<group>"; };
		1CDB85D326CD9FEF00D399AC /* Artist.swift */ = {isa = PBXFileReference; lastKnownFileType = sourcecode.swift; path = Artist.swift; sourceTree = "<group>"; };
		1CDB85D526CDA01100D399AC /* UserProfile.swift */ = {isa = PBXFileReference; lastKnownFileType = sourcecode.swift; path = UserProfile.swift; sourceTree = "<group>"; };
		1CE7FE9B26D1A119004CE6AF /* Extensions.swift */ = {isa = PBXFileReference; lastKnownFileType = sourcecode.swift; path = Extensions.swift; sourceTree = "<group>"; };
		1CE7FE9D26D1A4F9004CE6AF /* config.json */ = {isa = PBXFileReference; lastKnownFileType = text.json; path = config.json; sourceTree = "<group>"; };
		3CE223FABFCA25E07B96EF58 /* Pods-spotify clone.release.xcconfig */ = {isa = PBXFileReference; includeInIndex = 1; lastKnownFileType = text.xcconfig; name = "Pods-spotify clone.release.xcconfig"; path = "Target Support Files/Pods-spotify clone/Pods-spotify clone.release.xcconfig"; sourceTree = "<group>"; };
		402EA4CB7D0285E2A034A28F /* Pods-spotify clone.debug.xcconfig */ = {isa = PBXFileReference; includeInIndex = 1; lastKnownFileType = text.xcconfig; name = "Pods-spotify clone.debug.xcconfig"; path = "Target Support Files/Pods-spotify clone/Pods-spotify clone.debug.xcconfig"; sourceTree = "<group>"; };
		DD8E9512C1AF1DA2DF718A02 /* Pods_spotify_clone.framework */ = {isa = PBXFileReference; explicitFileType = wrapper.framework; includeInIndex = 0; path = Pods_spotify_clone.framework; sourceTree = BUILT_PRODUCTS_DIR; };
/* End PBXFileReference section */

/* Begin PBXFrameworksBuildPhase section */
		1CDB859126CD98E600D399AC /* Frameworks */ = {
			isa = PBXFrameworksBuildPhase;
			buildActionMask = 2147483647;
			files = (
				D272C86BB05BDD8B4589B09E /* Pods_spotify_clone.framework in Frameworks */,
			);
			runOnlyForDeploymentPostprocessing = 0;
		};
/* End PBXFrameworksBuildPhase section */

/* Begin PBXGroup section */
		1CDB858B26CD98E600D399AC = {
			isa = PBXGroup;
			children = (
				1CDB859626CD98E600D399AC /* spotify clone */,
				1CDB859526CD98E600D399AC /* Products */,
				B44D28CF942C1CD825BC0465 /* Pods */,
				58F15D954FADE7D6AFD4E532 /* Frameworks */,
			);
			sourceTree = "<group>";
		};
		1CDB859526CD98E600D399AC /* Products */ = {
			isa = PBXGroup;
			children = (
				1CDB859426CD98E600D399AC /* spotify clone.app */,
			);
			name = Products;
			sourceTree = "<group>";
		};
		1CDB859626CD98E600D399AC /* spotify clone */ = {
			isa = PBXGroup;
			children = (
				1CDB85B026CD99FA00D399AC /* Resources */,
				1CDB85AF26CD99F200D399AC /* Managers */,
				1CDB85AE26CD99D800D399AC /* ViewModels */,
				1CDB85AD26CD99D300D399AC /* Models */,
				1CDB85AC26CD99BE00D399AC /* Views */,
				1CDB85AB26CD99B400D399AC /* Controllers */,
				1CDB85A526CD98E800D399AC /* Info.plist */,
			);
			path = "spotify clone";
			sourceTree = "<group>";
		};
		1CDB85AB26CD99B400D399AC /* Controllers */ = {
			isa = PBXGroup;
			children = (
				1CDB85BA26CD9E4B00D399AC /* Other */,
				1CDB85B926CD9E3600D399AC /* Core */,
			);
			path = Controllers;
			sourceTree = "<group>";
		};
		1CDB85AC26CD99BE00D399AC /* Views */ = {
			isa = PBXGroup;
			children = (
				1CDB85B126CD9A8100D399AC /* LaunchScreen.storyboard */,
			);
			path = Views;
			sourceTree = "<group>";
		};
		1CDB85AD26CD99D300D399AC /* Models */ = {
			isa = PBXGroup;
			children = (
				1CDB85CF26CD9FC100D399AC /* Playlist.swift */,
				1CDB85D126CD9FDE00D399AC /* AudioTrack.swift */,
				1CDB85D326CD9FEF00D399AC /* Artist.swift */,
				1CDB85D526CDA01100D399AC /* UserProfile.swift */,
				1C046E6B26D2756E00EBE6FF /* AuthResponse.swift */,
				1C36110D26D487E60091A62F /* SettingsModels.swift */,
				1C73B58926D6A05D00E90C95 /* APIImage.swift */,
				1C73B58B26D6A0E600E90C95 /* NewReleasesResponse.swift */,
			);
			path = Models;
			sourceTree = "<group>";
		};
		1CDB85AE26CD99D800D399AC /* ViewModels */ = {
			isa = PBXGroup;
			children = (
			);
			path = ViewModels;
			sourceTree = "<group>";
		};
		1CDB85AF26CD99F200D399AC /* Managers */ = {
			isa = PBXGroup;
			children = (
				1CDB85C926CD9F5F00D399AC /* AuthManager.swift */,
				1CDB85CB26CD9F7E00D399AC /* APICaller.swift */,
				1CDB85CD26CD9F9D00D399AC /* HapticsManager.swift */,
			);
			path = Managers;
			sourceTree = "<group>";
		};
		1CDB85B026CD99FA00D399AC /* Resources */ = {
			isa = PBXGroup;
			children = (
				1CDB85A026CD98E800D399AC /* Assets.xcassets */,
				1CDB859726CD98E600D399AC /* AppDelegate.swift */,
				1CDB859926CD98E600D399AC /* SceneDelegate.swift */,
				1CE7FE9B26D1A119004CE6AF /* Extensions.swift */,
				1CE7FE9D26D1A4F9004CE6AF /* config.json */,
				1C046E6926D1B2B400EBE6FF /* config.swift */,
			);
			path = Resources;
			sourceTree = "<group>";
		};
		1CDB85B926CD9E3600D399AC /* Core */ = {
			isa = PBXGroup;
			children = (
				1CDB859B26CD98E600D399AC /* HomeViewController.swift */,
				1CDB85B326CD9D7C00D399AC /* TabBarViewController.swift */,
				1CDB85B526CD9DF900D399AC /* SearchViewController.swift */,
				1CDB85B726CD9E2700D399AC /* LibraryViewController.swift */,
			);
			path = Core;
			sourceTree = "<group>";
		};
		1CDB85BA26CD9E4B00D399AC /* Other */ = {
			isa = PBXGroup;
			children = (
				1CDB85BB26CD9E7000D399AC /* AuthViewController.swift */,
				1CDB85BD26CD9E8700D399AC /* WelcomeViewController.swift */,
				1CDB85BF26CD9EA600D399AC /* SettingsViewController.swift */,
				1CDB85C126CD9EBF00D399AC /* ProfileViewController.swift */,
				1CDB85C326CD9EE100D399AC /* PlayerViewController.swift */,
				1CDB85C526CD9EFD00D399AC /* PlaylistViewController.swift */,
				1CDB85C726CD9F2100D399AC /* SearchResultsViewController.swift */,
			);
			path = Other;
			sourceTree = "<group>";
		};
		58F15D954FADE7D6AFD4E532 /* Frameworks */ = {
			isa = PBXGroup;
			children = (
				DD8E9512C1AF1DA2DF718A02 /* Pods_spotify_clone.framework */,
			);
			name = Frameworks;
			sourceTree = "<group>";
		};
		B44D28CF942C1CD825BC0465 /* Pods */ = {
			isa = PBXGroup;
			children = (
				402EA4CB7D0285E2A034A28F /* Pods-spotify clone.debug.xcconfig */,
				3CE223FABFCA25E07B96EF58 /* Pods-spotify clone.release.xcconfig */,
			);
			path = Pods;
			sourceTree = "<group>";
		};
/* End PBXGroup section */

/* Begin PBXNativeTarget section */
		1CDB859326CD98E600D399AC /* spotify clone */ = {
			isa = PBXNativeTarget;
			buildConfigurationList = 1CDB85A826CD98E800D399AC /* Build configuration list for PBXNativeTarget "spotify clone" */;
			buildPhases = (
				6CEE62BBC7D564F7830DEB74 /* [CP] Check Pods Manifest.lock */,
				1CDB859026CD98E600D399AC /* Sources */,
				1CDB859126CD98E600D399AC /* Frameworks */,
				1CDB859226CD98E600D399AC /* Resources */,
				8B3FE218D2ABE6C051985C67 /* [CP] Embed Pods Frameworks */,
			);
			buildRules = (
			);
			dependencies = (
			);
			name = "spotify clone";
			productName = "spotify clone";
			productReference = 1CDB859426CD98E600D399AC /* spotify clone.app */;
			productType = "com.apple.product-type.application";
		};
/* End PBXNativeTarget section */

/* Begin PBXProject section */
		1CDB858C26CD98E600D399AC /* Project object */ = {
			isa = PBXProject;
			attributes = {
				LastSwiftUpdateCheck = 1250;
				LastUpgradeCheck = 1250;
				TargetAttributes = {
					1CDB859326CD98E600D399AC = {
						CreatedOnToolsVersion = 12.5.1;
					};
				};
			};
			buildConfigurationList = 1CDB858F26CD98E600D399AC /* Build configuration list for PBXProject "spotify clone" */;
			compatibilityVersion = "Xcode 9.3";
			developmentRegion = en;
			hasScannedForEncodings = 0;
			knownRegions = (
				en,
				Base,
			);
			mainGroup = 1CDB858B26CD98E600D399AC;
			productRefGroup = 1CDB859526CD98E600D399AC /* Products */;
			projectDirPath = "";
			projectRoot = "";
			targets = (
				1CDB859326CD98E600D399AC /* spotify clone */,
			);
		};
/* End PBXProject section */

/* Begin PBXResourcesBuildPhase section */
		1CDB859226CD98E600D399AC /* Resources */ = {
			isa = PBXResourcesBuildPhase;
			buildActionMask = 2147483647;
			files = (
				1CDB85A126CD98E800D399AC /* Assets.xcassets in Resources */,
				1CDB85B226CD9A8100D399AC /* LaunchScreen.storyboard in Resources */,
			);
			runOnlyForDeploymentPostprocessing = 0;
		};
/* End PBXResourcesBuildPhase section */

/* Begin PBXShellScriptBuildPhase section */
		6CEE62BBC7D564F7830DEB74 /* [CP] Check Pods Manifest.lock */ = {
			isa = PBXShellScriptBuildPhase;
			buildActionMask = 2147483647;
			files = (
			);
			inputFileListPaths = (
			);
			inputPaths = (
				"${PODS_PODFILE_DIR_PATH}/Podfile.lock",
				"${PODS_ROOT}/Manifest.lock",
			);
			name = "[CP] Check Pods Manifest.lock";
			outputFileListPaths = (
			);
			outputPaths = (
				"$(DERIVED_FILE_DIR)/Pods-spotify clone-checkManifestLockResult.txt",
			);
			runOnlyForDeploymentPostprocessing = 0;
			shellPath = /bin/sh;
			shellScript = "diff \"${PODS_PODFILE_DIR_PATH}/Podfile.lock\" \"${PODS_ROOT}/Manifest.lock\" > /dev/null\nif [ $? != 0 ] ; then\n    # print error to STDERR\n    echo \"error: The sandbox is not in sync with the Podfile.lock. Run 'pod install' or update your CocoaPods installation.\" >&2\n    exit 1\nfi\n# This output is used by Xcode 'outputs' to avoid re-running this script phase.\necho \"SUCCESS\" > \"${SCRIPT_OUTPUT_FILE_0}\"\n";
			showEnvVarsInLog = 0;
		};
		8B3FE218D2ABE6C051985C67 /* [CP] Embed Pods Frameworks */ = {
			isa = PBXShellScriptBuildPhase;
			buildActionMask = 2147483647;
			files = (
			);
			inputFileListPaths = (
				"${PODS_ROOT}/Target Support Files/Pods-spotify clone/Pods-spotify clone-frameworks-${CONFIGURATION}-input-files.xcfilelist",
			);
			name = "[CP] Embed Pods Frameworks";
			outputFileListPaths = (
				"${PODS_ROOT}/Target Support Files/Pods-spotify clone/Pods-spotify clone-frameworks-${CONFIGURATION}-output-files.xcfilelist",
			);
			runOnlyForDeploymentPostprocessing = 0;
			shellPath = /bin/sh;
			shellScript = "\"${PODS_ROOT}/Target Support Files/Pods-spotify clone/Pods-spotify clone-frameworks.sh\"\n";
			showEnvVarsInLog = 0;
		};
/* End PBXShellScriptBuildPhase section */

/* Begin PBXSourcesBuildPhase section */
		1CDB859026CD98E600D399AC /* Sources */ = {
			isa = PBXSourcesBuildPhase;
			buildActionMask = 2147483647;
			files = (
				1CDB85B626CD9DF900D399AC /* SearchViewController.swift in Sources */,
				1CDB85D026CD9FC100D399AC /* Playlist.swift in Sources */,
				1CDB85CA26CD9F5F00D399AC /* AuthManager.swift in Sources */,
				1C046E6A26D1B2B400EBE6FF /* config.swift in Sources */,
				1C73B58A26D6A05D00E90C95 /* APIImage.swift in Sources */,
				1C36110E26D487E60091A62F /* SettingsModels.swift in Sources */,
				1CDB85C826CD9F2100D399AC /* SearchResultsViewController.swift in Sources */,
				1CDB85BE26CD9E8700D399AC /* WelcomeViewController.swift in Sources */,
				1CDB85C226CD9EBF00D399AC /* ProfileViewController.swift in Sources */,
				1CDB85B426CD9D7C00D399AC /* TabBarViewController.swift in Sources */,
				1CDB85CE26CD9F9D00D399AC /* HapticsManager.swift in Sources */,
				1CDB85D226CD9FDE00D399AC /* AudioTrack.swift in Sources */,
				1CDB859C26CD98E600D399AC /* HomeViewController.swift in Sources */,
				1CDB85BC26CD9E7000D399AC /* AuthViewController.swift in Sources */,
				1CDB859826CD98E600D399AC /* AppDelegate.swift in Sources */,
				1CDB85D626CDA01100D399AC /* UserProfile.swift in Sources */,
				1CE7FE9C26D1A119004CE6AF /* Extensions.swift in Sources */,
				1CDB85B826CD9E2700D399AC /* LibraryViewController.swift in Sources */,
				1CDB85D426CD9FEF00D399AC /* Artist.swift in Sources */,
				1CDB85C626CD9EFD00D399AC /* PlaylistViewController.swift in Sources */,
				1CDB859A26CD98E600D399AC /* SceneDelegate.swift in Sources */,
				1C73B58C26D6A0E600E90C95 /* NewReleasesResponse.swift in Sources */,
				1CDB85C426CD9EE100D399AC /* PlayerViewController.swift in Sources */,
				1CDB85CC26CD9F7E00D399AC /* APICaller.swift in Sources */,
				1C046E6C26D2756E00EBE6FF /* AuthResponse.swift in Sources */,
				1CDB85C026CD9EA600D399AC /* SettingsViewController.swift in Sources */,
			);
			runOnlyForDeploymentPostprocessing = 0;
		};
/* End PBXSourcesBuildPhase section */

/* Begin XCBuildConfiguration section */
		1CDB85A626CD98E800D399AC /* Debug */ = {
			isa = XCBuildConfiguration;
			buildSettings = {
				ALWAYS_SEARCH_USER_PATHS = NO;
				CLANG_ANALYZER_NONNULL = YES;
				CLANG_ANALYZER_NUMBER_OBJECT_CONVERSION = YES_AGGRESSIVE;
				CLANG_CXX_LANGUAGE_STANDARD = "gnu++14";
				CLANG_CXX_LIBRARY = "libc++";
				CLANG_ENABLE_MODULES = YES;
				CLANG_ENABLE_OBJC_ARC = YES;
				CLANG_ENABLE_OBJC_WEAK = YES;
				CLANG_WARN_BLOCK_CAPTURE_AUTORELEASING = YES;
				CLANG_WARN_BOOL_CONVERSION = YES;
				CLANG_WARN_COMMA = YES;
				CLANG_WARN_CONSTANT_CONVERSION = YES;
				CLANG_WARN_DEPRECATED_OBJC_IMPLEMENTATIONS = YES;
				CLANG_WARN_DIRECT_OBJC_ISA_USAGE = YES_ERROR;
				CLANG_WARN_DOCUMENTATION_COMMENTS = YES;
				CLANG_WARN_EMPTY_BODY = YES;
				CLANG_WARN_ENUM_CONVERSION = YES;
				CLANG_WARN_INFINITE_RECURSION = YES;
				CLANG_WARN_INT_CONVERSION = YES;
				CLANG_WARN_NON_LITERAL_NULL_CONVERSION = YES;
				CLANG_WARN_OBJC_IMPLICIT_RETAIN_SELF = YES;
				CLANG_WARN_OBJC_LITERAL_CONVERSION = YES;
				CLANG_WARN_OBJC_ROOT_CLASS = YES_ERROR;
				CLANG_WARN_QUOTED_INCLUDE_IN_FRAMEWORK_HEADER = YES;
				CLANG_WARN_RANGE_LOOP_ANALYSIS = YES;
				CLANG_WARN_STRICT_PROTOTYPES = YES;
				CLANG_WARN_SUSPICIOUS_MOVE = YES;
				CLANG_WARN_UNGUARDED_AVAILABILITY = YES_AGGRESSIVE;
				CLANG_WARN_UNREACHABLE_CODE = YES;
				CLANG_WARN__DUPLICATE_METHOD_MATCH = YES;
				COPY_PHASE_STRIP = NO;
				DEBUG_INFORMATION_FORMAT = dwarf;
				ENABLE_STRICT_OBJC_MSGSEND = YES;
				ENABLE_TESTABILITY = YES;
				GCC_C_LANGUAGE_STANDARD = gnu11;
				GCC_DYNAMIC_NO_PIC = NO;
				GCC_NO_COMMON_BLOCKS = YES;
				GCC_OPTIMIZATION_LEVEL = 0;
				GCC_PREPROCESSOR_DEFINITIONS = (
					"DEBUG=1",
					"$(inherited)",
				);
				GCC_WARN_64_TO_32_BIT_CONVERSION = YES;
				GCC_WARN_ABOUT_RETURN_TYPE = YES_ERROR;
				GCC_WARN_UNDECLARED_SELECTOR = YES;
				GCC_WARN_UNINITIALIZED_AUTOS = YES_AGGRESSIVE;
				GCC_WARN_UNUSED_FUNCTION = YES;
				GCC_WARN_UNUSED_VARIABLE = YES;
				IPHONEOS_DEPLOYMENT_TARGET = 14.5;
				MTL_ENABLE_DEBUG_INFO = INCLUDE_SOURCE;
				MTL_FAST_MATH = YES;
				ONLY_ACTIVE_ARCH = YES;
				SDKROOT = iphoneos;
				SWIFT_ACTIVE_COMPILATION_CONDITIONS = DEBUG;
				SWIFT_OPTIMIZATION_LEVEL = "-Onone";
			};
			name = Debug;
		};
		1CDB85A726CD98E800D399AC /* Release */ = {
			isa = XCBuildConfiguration;
			buildSettings = {
				ALWAYS_SEARCH_USER_PATHS = NO;
				CLANG_ANALYZER_NONNULL = YES;
				CLANG_ANALYZER_NUMBER_OBJECT_CONVERSION = YES_AGGRESSIVE;
				CLANG_CXX_LANGUAGE_STANDARD = "gnu++14";
				CLANG_CXX_LIBRARY = "libc++";
				CLANG_ENABLE_MODULES = YES;
				CLANG_ENABLE_OBJC_ARC = YES;
				CLANG_ENABLE_OBJC_WEAK = YES;
				CLANG_WARN_BLOCK_CAPTURE_AUTORELEASING = YES;
				CLANG_WARN_BOOL_CONVERSION = YES;
				CLANG_WARN_COMMA = YES;
				CLANG_WARN_CONSTANT_CONVERSION = YES;
				CLANG_WARN_DEPRECATED_OBJC_IMPLEMENTATIONS = YES;
				CLANG_WARN_DIRECT_OBJC_ISA_USAGE = YES_ERROR;
				CLANG_WARN_DOCUMENTATION_COMMENTS = YES;
				CLANG_WARN_EMPTY_BODY = YES;
				CLANG_WARN_ENUM_CONVERSION = YES;
				CLANG_WARN_INFINITE_RECURSION = YES;
				CLANG_WARN_INT_CONVERSION = YES;
				CLANG_WARN_NON_LITERAL_NULL_CONVERSION = YES;
				CLANG_WARN_OBJC_IMPLICIT_RETAIN_SELF = YES;
				CLANG_WARN_OBJC_LITERAL_CONVERSION = YES;
				CLANG_WARN_OBJC_ROOT_CLASS = YES_ERROR;
				CLANG_WARN_QUOTED_INCLUDE_IN_FRAMEWORK_HEADER = YES;
				CLANG_WARN_RANGE_LOOP_ANALYSIS = YES;
				CLANG_WARN_STRICT_PROTOTYPES = YES;
				CLANG_WARN_SUSPICIOUS_MOVE = YES;
				CLANG_WARN_UNGUARDED_AVAILABILITY = YES_AGGRESSIVE;
				CLANG_WARN_UNREACHABLE_CODE = YES;
				CLANG_WARN__DUPLICATE_METHOD_MATCH = YES;
				COPY_PHASE_STRIP = NO;
				DEBUG_INFORMATION_FORMAT = "dwarf-with-dsym";
				ENABLE_NS_ASSERTIONS = NO;
				ENABLE_STRICT_OBJC_MSGSEND = YES;
				GCC_C_LANGUAGE_STANDARD = gnu11;
				GCC_NO_COMMON_BLOCKS = YES;
				GCC_WARN_64_TO_32_BIT_CONVERSION = YES;
				GCC_WARN_ABOUT_RETURN_TYPE = YES_ERROR;
				GCC_WARN_UNDECLARED_SELECTOR = YES;
				GCC_WARN_UNINITIALIZED_AUTOS = YES_AGGRESSIVE;
				GCC_WARN_UNUSED_FUNCTION = YES;
				GCC_WARN_UNUSED_VARIABLE = YES;
				IPHONEOS_DEPLOYMENT_TARGET = 14.5;
				MTL_ENABLE_DEBUG_INFO = NO;
				MTL_FAST_MATH = YES;
				SDKROOT = iphoneos;
				SWIFT_COMPILATION_MODE = wholemodule;
				SWIFT_OPTIMIZATION_LEVEL = "-O";
				VALIDATE_PRODUCT = YES;
			};
			name = Release;
		};
		1CDB85A926CD98E800D399AC /* Debug */ = {
			isa = XCBuildConfiguration;
			baseConfigurationReference = 402EA4CB7D0285E2A034A28F /* Pods-spotify clone.debug.xcconfig */;
			buildSettings = {
				ASSETCATALOG_COMPILER_APPICON_NAME = AppIcon;
				ASSETCATALOG_COMPILER_GLOBAL_ACCENT_COLOR_NAME = AccentColor;
				CODE_SIGN_STYLE = Automatic;
				DEVELOPMENT_TEAM = 2V36RKBX76;
				INFOPLIST_FILE = "spotify clone/Info.plist";
				IPHONEOS_DEPLOYMENT_TARGET = 14.1;
				LD_RUNPATH_SEARCH_PATHS = (
					"$(inherited)",
					"@executable_path/Frameworks",
				);
				PRODUCT_BUNDLE_IDENTIFIER = "ml.igoryan.spotify-clone";
				PRODUCT_NAME = "$(TARGET_NAME)";
				SWIFT_VERSION = 5.0;
				TARGETED_DEVICE_FAMILY = "1,2";
			};
			name = Debug;
		};
		1CDB85AA26CD98E800D399AC /* Release */ = {
			isa = XCBuildConfiguration;
			baseConfigurationReference = 3CE223FABFCA25E07B96EF58 /* Pods-spotify clone.release.xcconfig */;
			buildSettings = {
				ASSETCATALOG_COMPILER_APPICON_NAME = AppIcon;
				ASSETCATALOG_COMPILER_GLOBAL_ACCENT_COLOR_NAME = AccentColor;
				CODE_SIGN_STYLE = Automatic;
				DEVELOPMENT_TEAM = 2V36RKBX76;
				INFOPLIST_FILE = "spotify clone/Info.plist";
				IPHONEOS_DEPLOYMENT_TARGET = 14.1;
				LD_RUNPATH_SEARCH_PATHS = (
					"$(inherited)",
					"@executable_path/Frameworks",
				);
				PRODUCT_BUNDLE_IDENTIFIER = "ml.igoryan.spotify-clone";
				PRODUCT_NAME = "$(TARGET_NAME)";
				SWIFT_VERSION = 5.0;
				TARGETED_DEVICE_FAMILY = "1,2";
			};
			name = Release;
		};
/* End XCBuildConfiguration section */

/* Begin XCConfigurationList section */
		1CDB858F26CD98E600D399AC /* Build configuration list for PBXProject "spotify clone" */ = {
			isa = XCConfigurationList;
			buildConfigurations = (
				1CDB85A626CD98E800D399AC /* Debug */,
				1CDB85A726CD98E800D399AC /* Release */,
			);
			defaultConfigurationIsVisible = 0;
			defaultConfigurationName = Release;
		};
		1CDB85A826CD98E800D399AC /* Build configuration list for PBXNativeTarget "spotify clone" */ = {
			isa = XCConfigurationList;
			buildConfigurations = (
				1CDB85A926CD98E800D399AC /* Debug */,
				1CDB85AA26CD98E800D399AC /* Release */,
			);
			defaultConfigurationIsVisible = 0;
			defaultConfigurationName = Release;
		};
/* End XCConfigurationList section */
	};
	rootObject = 1CDB858C26CD98E600D399AC /* Project object */;
}
